// !$*UTF8*$!
{
	archiveVersion = 1;
	classes = {
	};
	objectVersion = 46;
	objects = {

/* Begin PBXBuildFile section */
		2DD6837867254EE7BC59D42F /* libPods.a in Frameworks */ = {isa = PBXBuildFile; fileRef = DB2EE280E5F5418E806EEC99 /* libPods.a */; };
		F901CE0C168E3B2300E83C40 /* up@2x.png in Resources */ = {isa = PBXBuildFile; fileRef = F901CE0B168E3B2300E83C40 /* up@2x.png */; };
		F901CE0F168E3C9400E83C40 /* down@2x.png in Resources */ = {isa = PBXBuildFile; fileRef = F901CE0E168E3C9400E83C40 /* down@2x.png */; };
		F901CE1E168E4DDF00E83C40 /* placeholder@2x.png in Resources */ = {isa = PBXBuildFile; fileRef = F901CE1D168E4DDF00E83C40 /* placeholder@2x.png */; };
		F901CE21168E56AB00E83C40 /* logo.png in Resources */ = {isa = PBXBuildFile; fileRef = F901CE20168E56AB00E83C40 /* logo.png */; };
		F901CE24168E57BB00E83C40 /* 42-info.png in Resources */ = {isa = PBXBuildFile; fileRef = F901CE22168E57BB00E83C40 /* 42-info.png */; };
		F901CE25168E57BB00E83C40 /* 42-info@2x.png in Resources */ = {isa = PBXBuildFile; fileRef = F901CE23168E57BB00E83C40 /* 42-info@2x.png */; };
		F901CE28168E593800E83C40 /* JPInfoViewController.m in Sources */ = {isa = PBXBuildFile; fileRef = F901CE27168E593800E83C40 /* JPInfoViewController.m */; };
		F901CE2B168E5BB300E83C40 /* JPInfoNavigationController.m in Sources */ = {isa = PBXBuildFile; fileRef = F901CE2A168E5BB200E83C40 /* JPInfoNavigationController.m */; };
		F901CE2D168E5CED00E83C40 /* about.html in Resources */ = {isa = PBXBuildFile; fileRef = F901CE2C168E5CED00E83C40 /* about.html */; };
		F901CE36168F21F200E83C40 /* Default-Portrait~ipad.png in Resources */ = {isa = PBXBuildFile; fileRef = F901CE35168F21F200E83C40 /* Default-Portrait~ipad.png */; };
		F901CE38168F223F00E83C40 /* Default-Landscape~ipad.png in Resources */ = {isa = PBXBuildFile; fileRef = F901CE37168F223E00E83C40 /* Default-Landscape~ipad.png */; };
		F901CE3A168F22B700E83C40 /* Default-Landscape@2x~ipad.png in Resources */ = {isa = PBXBuildFile; fileRef = F901CE39168F22B700E83C40 /* Default-Landscape@2x~ipad.png */; };
		F901CE3C168F22D100E83C40 /* Default-Portrait@2x~ipad.png in Resources */ = {isa = PBXBuildFile; fileRef = F901CE3B168F22D100E83C40 /* Default-Portrait@2x~ipad.png */; };
		F901CE3E168F231100E83C40 /* placeholder.png in Resources */ = {isa = PBXBuildFile; fileRef = F901CE3D168F231100E83C40 /* placeholder.png */; };
		F901CE40168F238100E83C40 /* Default.png in Resources */ = {isa = PBXBuildFile; fileRef = F901CE3F168F238100E83C40 /* Default.png */; };
		F901CE42168F23A800E83C40 /* Default@2x.png in Resources */ = {isa = PBXBuildFile; fileRef = F901CE41168F23A800E83C40 /* Default@2x.png */; };
		F901CE44168F23C500E83C40 /* Default-568h@2x.png in Resources */ = {isa = PBXBuildFile; fileRef = F901CE43168F23C500E83C40 /* Default-568h@2x.png */; };
		F901CE48168F24F500E83C40 /* down.png in Resources */ = {isa = PBXBuildFile; fileRef = F901CE47168F24F500E83C40 /* down.png */; };
		F901CE4A168F24FE00E83C40 /* up.png in Resources */ = {isa = PBXBuildFile; fileRef = F901CE49168F24FE00E83C40 /* up.png */; };
		F916A291168361A700B9758D /* icon@2x.png in Resources */ = {isa = PBXBuildFile; fileRef = F916A290168361A700B9758D /* icon@2x.png */; };
		F921BB9E167F1ECD001B33BF /* UIKit.framework in Frameworks */ = {isa = PBXBuildFile; fileRef = F921BB9D167F1ECD001B33BF /* UIKit.framework */; };
		F921BBA0167F1ECD001B33BF /* Foundation.framework in Frameworks */ = {isa = PBXBuildFile; fileRef = F921BB9F167F1ECD001B33BF /* Foundation.framework */; };
		F921BBA2167F1ECD001B33BF /* CoreGraphics.framework in Frameworks */ = {isa = PBXBuildFile; fileRef = F921BBA1167F1ECD001B33BF /* CoreGraphics.framework */; };
		F921BBA8167F1ECD001B33BF /* InfoPlist.strings in Resources */ = {isa = PBXBuildFile; fileRef = F921BBA6167F1ECD001B33BF /* InfoPlist.strings */; };
		F921BBAA167F1ECD001B33BF /* main.m in Sources */ = {isa = PBXBuildFile; fileRef = F921BBA9167F1ECD001B33BF /* main.m */; };
		F921BBAE167F1ECD001B33BF /* JPAppDelegate.m in Sources */ = {isa = PBXBuildFile; fileRef = F921BBAD167F1ECD001B33BF /* JPAppDelegate.m */; };
		F921BBB7167F1ECD001B33BF /* MainStoryboard.storyboard in Resources */ = {isa = PBXBuildFile; fileRef = F921BBB5167F1ECD001B33BF /* MainStoryboard.storyboard */; };
		F921BBBA167F1ECD001B33BF /* JPViewController.m in Sources */ = {isa = PBXBuildFile; fileRef = F921BBB9167F1ECD001B33BF /* JPViewController.m */; };
		F921BBCC167F23D7001B33BF /* CoreImage.framework in Frameworks */ = {isa = PBXBuildFile; fileRef = F921BBCB167F23D7001B33BF /* CoreImage.framework */; };
		F97A107B168389C400FB3CED /* icon72.png in Resources */ = {isa = PBXBuildFile; fileRef = F97A107A168389C400FB3CED /* icon72.png */; };
		F97A107D168389C900FB3CED /* icon144.png in Resources */ = {isa = PBXBuildFile; fileRef = F97A107C168389C900FB3CED /* icon144.png */; };
		F99049A416806D1900769B09 /* JPTiltShift.m in Sources */ = {isa = PBXBuildFile; fileRef = F99049A316806D1900769B09 /* JPTiltShift.m */; };
		F99049AB1680730900769B09 /* AssetsLibrary.framework in Frameworks */ = {isa = PBXBuildFile; fileRef = F99049AA1680730900769B09 /* AssetsLibrary.framework */; };
		F99049AD168075D000769B09 /* ImageIO.framework in Frameworks */ = {isa = PBXBuildFile; fileRef = F99049AC168075D000769B09 /* ImageIO.framework */; };
		F99049B816807E4D00769B09 /* PopoverView.m in Sources */ = {isa = PBXBuildFile; fileRef = F99049B716807DB600769B09 /* PopoverView.m */; settings = {COMPILER_FLAGS = "-fno-objc-arc"; }; };
		F99049BB16808D1000769B09 /* 14-gear.png in Resources */ = {isa = PBXBuildFile; fileRef = F99049B916808D1000769B09 /* 14-gear.png */; };
		F99049BC16808D1000769B09 /* 14-gear@2x.png in Resources */ = {isa = PBXBuildFile; fileRef = F99049BA16808D1000769B09 /* 14-gear@2x.png */; };
		F99049BE1680926000769B09 /* icon.png in Resources */ = {isa = PBXBuildFile; fileRef = F99049BD1680926000769B09 /* icon.png */; };
		F99049C1168093F600769B09 /* 186-ruler.png in Resources */ = {isa = PBXBuildFile; fileRef = F99049BF168093F600769B09 /* 186-ruler.png */; };
		F99049C2168093F600769B09 /* 186-ruler@2x.png in Resources */ = {isa = PBXBuildFile; fileRef = F99049C0168093F600769B09 /* 186-ruler@2x.png */; };
		F99049C91680C20300769B09 /* UIImageView_JPContentScale.m in Sources */ = {isa = PBXBuildFile; fileRef = F99049C81680C20300769B09 /* UIImageView_JPContentScale.m */; };
		F99049CF1680CA0000769B09 /* QuartzCore.framework in Frameworks */ = {isa = PBXBuildFile; fileRef = F99049CE1680CA0000769B09 /* QuartzCore.framework */; };
		F9AB8824167F3F9300C57101 /* UIImage_JPResize.m in Sources */ = {isa = PBXBuildFile; fileRef = F9AB8823167F3F9300C57101 /* UIImage_JPResize.m */; };
/* End PBXBuildFile section */

/* Begin PBXFileReference section */
		49F9B24179864A2897371D29 /* Pods.xcconfig */ = {isa = PBXFileReference; includeInIndex = 1; lastKnownFileType = text.xcconfig; name = Pods.xcconfig; path = Pods/Pods.xcconfig; sourceTree = SOURCE_ROOT; };
		DB2EE280E5F5418E806EEC99 /* libPods.a */ = {isa = PBXFileReference; explicitFileType = archive.ar; includeInIndex = 0; path = libPods.a; sourceTree = BUILT_PRODUCTS_DIR; };
		F901CE0B168E3B2300E83C40 /* up@2x.png */ = {isa = PBXFileReference; lastKnownFileType = image.png; path = "up@2x.png"; sourceTree = "<group>"; };
		F901CE0E168E3C9400E83C40 /* down@2x.png */ = {isa = PBXFileReference; lastKnownFileType = image.png; path = "down@2x.png"; sourceTree = "<group>"; };
		F901CE1D168E4DDF00E83C40 /* placeholder@2x.png */ = {isa = PBXFileReference; lastKnownFileType = image.png; path = "placeholder@2x.png"; sourceTree = "<group>"; };
		F901CE20168E56AB00E83C40 /* logo.png */ = {isa = PBXFileReference; lastKnownFileType = image.png; path = logo.png; sourceTree = "<group>"; };
		F901CE22168E57BB00E83C40 /* 42-info.png */ = {isa = PBXFileReference; lastKnownFileType = image.png; path = "42-info.png"; sourceTree = "<group>"; };
		F901CE23168E57BB00E83C40 /* 42-info@2x.png */ = {isa = PBXFileReference; lastKnownFileType = image.png; path = "42-info@2x.png"; sourceTree = "<group>"; };
		F901CE26168E593800E83C40 /* JPInfoViewController.h */ = {isa = PBXFileReference; fileEncoding = 4; lastKnownFileType = sourcecode.c.h; path = JPInfoViewController.h; sourceTree = "<group>"; };
		F901CE27168E593800E83C40 /* JPInfoViewController.m */ = {isa = PBXFileReference; fileEncoding = 4; lastKnownFileType = sourcecode.c.objc; path = JPInfoViewController.m; sourceTree = "<group>"; };
		F901CE29168E5BB200E83C40 /* JPInfoNavigationController.h */ = {isa = PBXFileReference; fileEncoding = 4; lastKnownFileType = sourcecode.c.h; path = JPInfoNavigationController.h; sourceTree = "<group>"; };
		F901CE2A168E5BB200E83C40 /* JPInfoNavigationController.m */ = {isa = PBXFileReference; fileEncoding = 4; lastKnownFileType = sourcecode.c.objc; path = JPInfoNavigationController.m; sourceTree = "<group>"; };
		F901CE2C168E5CED00E83C40 /* about.html */ = {isa = PBXFileReference; fileEncoding = 4; lastKnownFileType = text.html; path = about.html; sourceTree = "<group>"; };
		F901CE35168F21F200E83C40 /* Default-Portrait~ipad.png */ = {isa = PBXFileReference; lastKnownFileType = image.png; name = "Default-Portrait~ipad.png"; path = "../Default-Portrait~ipad.png"; sourceTree = "<group>"; };
		F901CE37168F223E00E83C40 /* Default-Landscape~ipad.png */ = {isa = PBXFileReference; lastKnownFileType = image.png; name = "Default-Landscape~ipad.png"; path = "../Default-Landscape~ipad.png"; sourceTree = "<group>"; };
		F901CE39168F22B700E83C40 /* Default-Landscape@2x~ipad.png */ = {isa = PBXFileReference; lastKnownFileType = image.png; name = "Default-Landscape@2x~ipad.png"; path = "../Default-Landscape@2x~ipad.png"; sourceTree = "<group>"; };
		F901CE3B168F22D100E83C40 /* Default-Portrait@2x~ipad.png */ = {isa = PBXFileReference; lastKnownFileType = image.png; name = "Default-Portrait@2x~ipad.png"; path = "../Default-Portrait@2x~ipad.png"; sourceTree = "<group>"; };
		F901CE3D168F231100E83C40 /* placeholder.png */ = {isa = PBXFileReference; lastKnownFileType = image.png; path = placeholder.png; sourceTree = "<group>"; };
		F901CE3F168F238100E83C40 /* Default.png */ = {isa = PBXFileReference; lastKnownFileType = image.png; name = Default.png; path = ../Default.png; sourceTree = "<group>"; };
		F901CE41168F23A800E83C40 /* Default@2x.png */ = {isa = PBXFileReference; lastKnownFileType = image.png; name = "Default@2x.png"; path = "../Default@2x.png"; sourceTree = "<group>"; };
		F901CE43168F23C500E83C40 /* Default-568h@2x.png */ = {isa = PBXFileReference; lastKnownFileType = image.png; name = "Default-568h@2x.png"; path = "../Default-568h@2x.png"; sourceTree = "<group>"; };
		F901CE47168F24F500E83C40 /* down.png */ = {isa = PBXFileReference; lastKnownFileType = image.png; path = down.png; sourceTree = "<group>"; };
		F901CE49168F24FE00E83C40 /* up.png */ = {isa = PBXFileReference; lastKnownFileType = image.png; path = up.png; sourceTree = "<group>"; };
		F916A290168361A700B9758D /* icon@2x.png */ = {isa = PBXFileReference; lastKnownFileType = image.png; name = "icon@2x.png"; path = "../icon@2x.png"; sourceTree = "<group>"; };
		F921BB99167F1ECD001B33BF /* TiltShift.app */ = {isa = PBXFileReference; explicitFileType = wrapper.application; includeInIndex = 0; path = TiltShift.app; sourceTree = BUILT_PRODUCTS_DIR; };
		F921BB9D167F1ECD001B33BF /* UIKit.framework */ = {isa = PBXFileReference; lastKnownFileType = wrapper.framework; name = UIKit.framework; path = System/Library/Frameworks/UIKit.framework; sourceTree = SDKROOT; };
		F921BB9F167F1ECD001B33BF /* Foundation.framework */ = {isa = PBXFileReference; lastKnownFileType = wrapper.framework; name = Foundation.framework; path = System/Library/Frameworks/Foundation.framework; sourceTree = SDKROOT; };
		F921BBA1167F1ECD001B33BF /* CoreGraphics.framework */ = {isa = PBXFileReference; lastKnownFileType = wrapper.framework; name = CoreGraphics.framework; path = System/Library/Frameworks/CoreGraphics.framework; sourceTree = SDKROOT; };
		F921BBA5167F1ECD001B33BF /* TiltShift-Info.plist */ = {isa = PBXFileReference; lastKnownFileType = text.plist.xml; path = "TiltShift-Info.plist"; sourceTree = "<group>"; };
		F921BBA7167F1ECD001B33BF /* en */ = {isa = PBXFileReference; lastKnownFileType = text.plist.strings; name = en; path = en.lproj/InfoPlist.strings; sourceTree = "<group>"; };
		F921BBA9167F1ECD001B33BF /* main.m */ = {isa = PBXFileReference; lastKnownFileType = sourcecode.c.objc; path = main.m; sourceTree = "<group>"; };
		F921BBAB167F1ECD001B33BF /* TiltShift-Prefix.pch */ = {isa = PBXFileReference; lastKnownFileType = sourcecode.c.h; path = "TiltShift-Prefix.pch"; sourceTree = "<group>"; };
		F921BBAC167F1ECD001B33BF /* JPAppDelegate.h */ = {isa = PBXFileReference; lastKnownFileType = sourcecode.c.h; path = JPAppDelegate.h; sourceTree = "<group>"; };
		F921BBAD167F1ECD001B33BF /* JPAppDelegate.m */ = {isa = PBXFileReference; lastKnownFileType = sourcecode.c.objc; path = JPAppDelegate.m; sourceTree = "<group>"; };
		F921BBB6167F1ECD001B33BF /* en */ = {isa = PBXFileReference; lastKnownFileType = file.storyboard; name = en; path = en.lproj/MainStoryboard.storyboard; sourceTree = "<group>"; };
		F921BBB8167F1ECD001B33BF /* JPViewController.h */ = {isa = PBXFileReference; lastKnownFileType = sourcecode.c.h; path = JPViewController.h; sourceTree = "<group>"; };
		F921BBB9167F1ECD001B33BF /* JPViewController.m */ = {isa = PBXFileReference; lastKnownFileType = sourcecode.c.objc; path = JPViewController.m; sourceTree = "<group>"; };
		F921BBCB167F23D7001B33BF /* CoreImage.framework */ = {isa = PBXFileReference; lastKnownFileType = wrapper.framework; name = CoreImage.framework; path = System/Library/Frameworks/CoreImage.framework; sourceTree = SDKROOT; };
		F97A107A168389C400FB3CED /* icon72.png */ = {isa = PBXFileReference; lastKnownFileType = image.png; name = icon72.png; path = ../icon72.png; sourceTree = "<group>"; };
		F97A107C168389C900FB3CED /* icon144.png */ = {isa = PBXFileReference; lastKnownFileType = image.png; name = icon144.png; path = ../icon144.png; sourceTree = "<group>"; };
		F99049A216806D1900769B09 /* JPTiltShift.h */ = {isa = PBXFileReference; fileEncoding = 4; lastKnownFileType = sourcecode.c.h; path = JPTiltShift.h; sourceTree = "<group>"; };
		F99049A316806D1900769B09 /* JPTiltShift.m */ = {isa = PBXFileReference; fileEncoding = 4; lastKnownFileType = sourcecode.c.objc; path = JPTiltShift.m; sourceTree = "<group>"; };
		F99049AA1680730900769B09 /* AssetsLibrary.framework */ = {isa = PBXFileReference; lastKnownFileType = wrapper.framework; name = AssetsLibrary.framework; path = System/Library/Frameworks/AssetsLibrary.framework; sourceTree = SDKROOT; };
		F99049AC168075D000769B09 /* ImageIO.framework */ = {isa = PBXFileReference; lastKnownFileType = wrapper.framework; name = ImageIO.framework; path = System/Library/Frameworks/ImageIO.framework; sourceTree = SDKROOT; };
		F99049B616807DB600769B09 /* PopoverView.h */ = {isa = PBXFileReference; lastKnownFileType = sourcecode.c.h; path = PopoverView.h; sourceTree = "<group>"; };
		F99049B716807DB600769B09 /* PopoverView.m */ = {isa = PBXFileReference; lastKnownFileType = sourcecode.c.objc; path = PopoverView.m; sourceTree = "<group>"; };
		F99049B916808D1000769B09 /* 14-gear.png */ = {isa = PBXFileReference; lastKnownFileType = image.png; path = "14-gear.png"; sourceTree = "<group>"; };
		F99049BA16808D1000769B09 /* 14-gear@2x.png */ = {isa = PBXFileReference; lastKnownFileType = image.png; path = "14-gear@2x.png"; sourceTree = "<group>"; };
		F99049BD1680926000769B09 /* icon.png */ = {isa = PBXFileReference; lastKnownFileType = image.png; name = icon.png; path = ../icon.png; sourceTree = "<group>"; };
		F99049BF168093F600769B09 /* 186-ruler.png */ = {isa = PBXFileReference; lastKnownFileType = image.png; path = "186-ruler.png"; sourceTree = "<group>"; };
		F99049C0168093F600769B09 /* 186-ruler@2x.png */ = {isa = PBXFileReference; lastKnownFileType = image.png; path = "186-ruler@2x.png"; sourceTree = "<group>"; };
		F99049C71680C20300769B09 /* UIImageView_JPContentScale.h */ = {isa = PBXFileReference; fileEncoding = 4; lastKnownFileType = sourcecode.c.h; path = UIImageView_JPContentScale.h; sourceTree = "<group>"; };
		F99049C81680C20300769B09 /* UIImageView_JPContentScale.m */ = {isa = PBXFileReference; fileEncoding = 4; lastKnownFileType = sourcecode.c.objc; path = UIImageView_JPContentScale.m; sourceTree = "<group>"; };
		F99049CE1680CA0000769B09 /* QuartzCore.framework */ = {isa = PBXFileReference; lastKnownFileType = wrapper.framework; name = QuartzCore.framework; path = System/Library/Frameworks/QuartzCore.framework; sourceTree = SDKROOT; };
		F9AB8822167F3F9300C57101 /* UIImage_JPResize.h */ = {isa = PBXFileReference; fileEncoding = 4; lastKnownFileType = sourcecode.c.h; path = UIImage_JPResize.h; sourceTree = "<group>"; };
		F9AB8823167F3F9300C57101 /* UIImage_JPResize.m */ = {isa = PBXFileReference; fileEncoding = 4; lastKnownFileType = sourcecode.c.objc; path = UIImage_JPResize.m; sourceTree = "<group>"; };
/* End PBXFileReference section */

/* Begin PBXFrameworksBuildPhase section */
		F921BB96167F1ECD001B33BF /* Frameworks */ = {
			isa = PBXFrameworksBuildPhase;
			buildActionMask = 2147483647;
			files = (
				F99049CF1680CA0000769B09 /* QuartzCore.framework in Frameworks */,
				F99049AD168075D000769B09 /* ImageIO.framework in Frameworks */,
				F99049AB1680730900769B09 /* AssetsLibrary.framework in Frameworks */,
				F921BBCC167F23D7001B33BF /* CoreImage.framework in Frameworks */,
				F921BB9E167F1ECD001B33BF /* UIKit.framework in Frameworks */,
				F921BBA0167F1ECD001B33BF /* Foundation.framework in Frameworks */,
				F921BBA2167F1ECD001B33BF /* CoreGraphics.framework in Frameworks */,
				2DD6837867254EE7BC59D42F /* libPods.a in Frameworks */,
			);
			runOnlyForDeploymentPostprocessing = 0;
		};
/* End PBXFrameworksBuildPhase section */

/* Begin PBXGroup section */
		F901CE45168F23E800E83C40 /* Default.png */ = {
			isa = PBXGroup;
			children = (
				F901CE43168F23C500E83C40 /* Default-568h@2x.png */,
				F901CE41168F23A800E83C40 /* Default@2x.png */,
				F901CE3F168F238100E83C40 /* Default.png */,
				F901CE3B168F22D100E83C40 /* Default-Portrait@2x~ipad.png */,
				F901CE39168F22B700E83C40 /* Default-Landscape@2x~ipad.png */,
				F901CE37168F223E00E83C40 /* Default-Landscape~ipad.png */,
				F901CE35168F21F200E83C40 /* Default-Portrait~ipad.png */,
			);
			name = Default.png;
			sourceTree = "<group>";
		};
		F901CE46168F248100E83C40 /* Images */ = {
			isa = PBXGroup;
			children = (
				F99049B916808D1000769B09 /* 14-gear.png */,
				F99049BA16808D1000769B09 /* 14-gear@2x.png */,
				F99049BF168093F600769B09 /* 186-ruler.png */,
				F99049C0168093F600769B09 /* 186-ruler@2x.png */,
				F901CE22168E57BB00E83C40 /* 42-info.png */,
				F901CE23168E57BB00E83C40 /* 42-info@2x.png */,
				F901CE47168F24F500E83C40 /* down.png */,
				F901CE0E168E3C9400E83C40 /* down@2x.png */,
				F99049BD1680926000769B09 /* icon.png */,
				F97A107C168389C900FB3CED /* icon144.png */,
				F97A107A168389C400FB3CED /* icon72.png */,
				F916A290168361A700B9758D /* icon@2x.png */,
				F901CE3D168F231100E83C40 /* placeholder.png */,
				F901CE1D168E4DDF00E83C40 /* placeholder@2x.png */,
				F901CE49168F24FE00E83C40 /* up.png */,
				F901CE0B168E3B2300E83C40 /* up@2x.png */,
			);
			name = Images;
			sourceTree = "<group>";
		};
		F921BB8E167F1ECD001B33BF = {
			isa = PBXGroup;
			children = (
				F921BBA3167F1ECD001B33BF /* TiltShiftr */,
				F921BB9C167F1ECD001B33BF /* Frameworks */,
				F921BB9A167F1ECD001B33BF /* Products */,
				49F9B24179864A2897371D29 /* Pods.xcconfig */,
			);
			sourceTree = "<group>";
		};
		F921BB9A167F1ECD001B33BF /* Products */ = {
			isa = PBXGroup;
			children = (
				F921BB99167F1ECD001B33BF /* TiltShift.app */,
			);
			name = Products;
			sourceTree = "<group>";
		};
		F921BB9C167F1ECD001B33BF /* Frameworks */ = {
			isa = PBXGroup;
			children = (
				F99049CE1680CA0000769B09 /* QuartzCore.framework */,
				F99049AA1680730900769B09 /* AssetsLibrary.framework */,
				F921BBCB167F23D7001B33BF /* CoreImage.framework */,
				F99049AC168075D000769B09 /* ImageIO.framework */,
				F921BB9D167F1ECD001B33BF /* UIKit.framework */,
				F921BB9F167F1ECD001B33BF /* Foundation.framework */,
				F921BBA1167F1ECD001B33BF /* CoreGraphics.framework */,
				DB2EE280E5F5418E806EEC99 /* libPods.a */,
			);
			name = Frameworks;
			sourceTree = "<group>";
		};
		F921BBA3167F1ECD001B33BF /* TiltShiftr */ = {
			isa = PBXGroup;
			children = (
				F921BBAC167F1ECD001B33BF /* JPAppDelegate.h */,
				F921BBAD167F1ECD001B33BF /* JPAppDelegate.m */,
				F901CE29168E5BB200E83C40 /* JPInfoNavigationController.h */,
				F901CE2A168E5BB200E83C40 /* JPInfoNavigationController.m */,
				F901CE26168E593800E83C40 /* JPInfoViewController.h */,
				F901CE27168E593800E83C40 /* JPInfoViewController.m */,
				F99049A216806D1900769B09 /* JPTiltShift.h */,
				F99049A316806D1900769B09 /* JPTiltShift.m */,
				F921BBB8167F1ECD001B33BF /* JPViewController.h */,
				F921BBB9167F1ECD001B33BF /* JPViewController.m */,
				F921BBB5167F1ECD001B33BF /* MainStoryboard.storyboard */,
				F99049B616807DB600769B09 /* PopoverView.h */,
				F99049B716807DB600769B09 /* PopoverView.m */,
				F9AB8822167F3F9300C57101 /* UIImage_JPResize.h */,
				F9AB8823167F3F9300C57101 /* UIImage_JPResize.m */,
				F99049C71680C20300769B09 /* UIImageView_JPContentScale.h */,
				F99049C81680C20300769B09 /* UIImageView_JPContentScale.m */,
				F921BBA4167F1ECD001B33BF /* Supporting Files */,
			);
			name = TiltShiftr;
			path = TiltShift;
			sourceTree = "<group>";
		};
		F921BBA4167F1ECD001B33BF /* Supporting Files */ = {
			isa = PBXGroup;
			children = (
				F901CE46168F248100E83C40 /* Images */,
				F901CE45168F23E800E83C40 /* Default.png */,
				F901CE2C168E5CED00E83C40 /* about.html */,
				F921BBA6167F1ECD001B33BF /* InfoPlist.strings */,
				F901CE20168E56AB00E83C40 /* logo.png */,
				F921BBA9167F1ECD001B33BF /* main.m */,
				F921BBA5167F1ECD001B33BF /* TiltShift-Info.plist */,
				F921BBAB167F1ECD001B33BF /* TiltShift-Prefix.pch */,
			);
			name = "Supporting Files";
			sourceTree = "<group>";
		};
/* End PBXGroup section */

/* Begin PBXNativeTarget section */
		F921BB98167F1ECD001B33BF /* TiltShift */ = {
			isa = PBXNativeTarget;
			buildConfigurationList = F921BBBD167F1ECD001B33BF /* Build configuration list for PBXNativeTarget "TiltShift" */;
			buildPhases = (
				F921BB95167F1ECD001B33BF /* Sources */,
				F921BB96167F1ECD001B33BF /* Frameworks */,
				F921BB97167F1ECD001B33BF /* Resources */,
				F97A108216838A0600FB3CED /* ShellScript */,
				0F065EF26F65469F9E50D440 /* Copy Pods Resources */,
			);
			buildRules = (
			);
			dependencies = (
			);
			name = TiltShift;
			productName = TiltShift;
			productReference = F921BB99167F1ECD001B33BF /* TiltShift.app */;
			productType = "com.apple.product-type.application";
		};
/* End PBXNativeTarget section */

/* Begin PBXProject section */
		F921BB90167F1ECD001B33BF /* Project object */ = {
			isa = PBXProject;
			attributes = {
				CLASSPREFIX = JP;
				LastUpgradeCheck = 0450;
				ORGANIZATIONNAME = "Julien Poissonnier";
			};
			buildConfigurationList = F921BB93167F1ECD001B33BF /* Build configuration list for PBXProject "TiltShift" */;
			compatibilityVersion = "Xcode 3.2";
			developmentRegion = English;
			hasScannedForEncodings = 0;
			knownRegions = (
				en,
			);
			mainGroup = F921BB8E167F1ECD001B33BF;
			productRefGroup = F921BB9A167F1ECD001B33BF /* Products */;
			projectDirPath = "";
			projectRoot = "";
			targets = (
				F921BB98167F1ECD001B33BF /* TiltShift */,
			);
		};
/* End PBXProject section */

/* Begin PBXResourcesBuildPhase section */
		F921BB97167F1ECD001B33BF /* Resources */ = {
			isa = PBXResourcesBuildPhase;
			buildActionMask = 2147483647;
			files = (
				F921BBA8167F1ECD001B33BF /* InfoPlist.strings in Resources */,
				F921BBB7167F1ECD001B33BF /* MainStoryboard.storyboard in Resources */,
				F99049BB16808D1000769B09 /* 14-gear.png in Resources */,
				F99049BC16808D1000769B09 /* 14-gear@2x.png in Resources */,
				F99049BE1680926000769B09 /* icon.png in Resources */,
				F99049C1168093F600769B09 /* 186-ruler.png in Resources */,
				F99049C2168093F600769B09 /* 186-ruler@2x.png in Resources */,
				F916A291168361A700B9758D /* icon@2x.png in Resources */,
				F97A107B168389C400FB3CED /* icon72.png in Resources */,
				F97A107D168389C900FB3CED /* icon144.png in Resources */,
				F901CE0C168E3B2300E83C40 /* up@2x.png in Resources */,
				F901CE0F168E3C9400E83C40 /* down@2x.png in Resources */,
				F901CE1E168E4DDF00E83C40 /* placeholder@2x.png in Resources */,
				F901CE21168E56AB00E83C40 /* logo.png in Resources */,
				F901CE24168E57BB00E83C40 /* 42-info.png in Resources */,
				F901CE25168E57BB00E83C40 /* 42-info@2x.png in Resources */,
				F901CE2D168E5CED00E83C40 /* about.html in Resources */,
				F901CE36168F21F200E83C40 /* Default-Portrait~ipad.png in Resources */,
				F901CE38168F223F00E83C40 /* Default-Landscape~ipad.png in Resources */,
				F901CE3A168F22B700E83C40 /* Default-Landscape@2x~ipad.png in Resources */,
				F901CE3C168F22D100E83C40 /* Default-Portrait@2x~ipad.png in Resources */,
				F901CE3E168F231100E83C40 /* placeholder.png in Resources */,
				F901CE40168F238100E83C40 /* Default.png in Resources */,
				F901CE42168F23A800E83C40 /* Default@2x.png in Resources */,
				F901CE44168F23C500E83C40 /* Default-568h@2x.png in Resources */,
				F901CE48168F24F500E83C40 /* down.png in Resources */,
				F901CE4A168F24FE00E83C40 /* up.png in Resources */,
			);
			runOnlyForDeploymentPostprocessing = 0;
		};
/* End PBXResourcesBuildPhase section */

/* Begin PBXShellScriptBuildPhase section */
		0F065EF26F65469F9E50D440 /* Copy Pods Resources */ = {
			isa = PBXShellScriptBuildPhase;
			buildActionMask = 2147483647;
			files = (
			);
			inputPaths = (
			);
			name = "Copy Pods Resources";
			outputPaths = (
			);
			runOnlyForDeploymentPostprocessing = 0;
			shellPath = /bin/sh;
			shellScript = "\"${SRCROOT}/Pods/Pods-resources.sh\"\n";
		};
		F97A108216838A0600FB3CED /* ShellScript */ = {
			isa = PBXShellScriptBuildPhase;
			buildActionMask = 2147483647;
			files = (
			);
			inputPaths = (
			);
			outputPaths = (
			);
			runOnlyForDeploymentPostprocessing = 0;
			shellPath = /bin/sh;
			shellScript = "GIT=`which git`\nCOMMIT_NUMBER=`$GIT log --pretty=oneline  | wc -l`\nVERSION_TAG=`$GIT describe --abbrev=0`\necho \"Git describe output: $GIT_DESCRIBE\"\n/usr/libexec/PlistBuddy -c \"Set :CFBundleVersion $COMMIT_NUMBER\" \"$BUILT_PRODUCTS_DIR/$INFOPLIST_PATH\"\n/usr/libexec/PlistBuddy -c \"Set :CFBundleShortVersionString $VERSION_TAG\" \"$BUILT_PRODUCTS_DIR/$INFOPLIST_PATH\"\n";
		};
/* End PBXShellScriptBuildPhase section */

/* Begin PBXSourcesBuildPhase section */
		F921BB95167F1ECD001B33BF /* Sources */ = {
			isa = PBXSourcesBuildPhase;
			buildActionMask = 2147483647;
			files = (
				F99049B816807E4D00769B09 /* PopoverView.m in Sources */,
				F921BBAA167F1ECD001B33BF /* main.m in Sources */,
				F921BBAE167F1ECD001B33BF /* JPAppDelegate.m in Sources */,
				F921BBBA167F1ECD001B33BF /* JPViewController.m in Sources */,
				F9AB8824167F3F9300C57101 /* UIImage_JPResize.m in Sources */,
				F99049A416806D1900769B09 /* JPTiltShift.m in Sources */,
				F99049C91680C20300769B09 /* UIImageView_JPContentScale.m in Sources */,
				F901CE28168E593800E83C40 /* JPInfoViewController.m in Sources */,
				F901CE2B168E5BB300E83C40 /* JPInfoNavigationController.m in Sources */,
			);
			runOnlyForDeploymentPostprocessing = 0;
		};
/* End PBXSourcesBuildPhase section */

/* Begin PBXVariantGroup section */
		F921BBA6167F1ECD001B33BF /* InfoPlist.strings */ = {
			isa = PBXVariantGroup;
			children = (
				F921BBA7167F1ECD001B33BF /* en */,
			);
			name = InfoPlist.strings;
			sourceTree = "<group>";
		};
		F921BBB5167F1ECD001B33BF /* MainStoryboard.storyboard */ = {
			isa = PBXVariantGroup;
			children = (
				F921BBB6167F1ECD001B33BF /* en */,
			);
			name = MainStoryboard.storyboard;
			sourceTree = "<group>";
		};
/* End PBXVariantGroup section */

/* Begin XCBuildConfiguration section */
		F921BBBB167F1ECD001B33BF /* Debug */ = {
			isa = XCBuildConfiguration;
			buildSettings = {
				ALWAYS_SEARCH_USER_PATHS = NO;
				CLANG_CXX_LANGUAGE_STANDARD = "gnu++0x";
				CLANG_CXX_LIBRARY = "libc++";
				CLANG_ENABLE_OBJC_ARC = YES;
				CLANG_WARN_EMPTY_BODY = YES;
				CLANG_WARN__DUPLICATE_METHOD_MATCH = YES;
				"CODE_SIGN_IDENTITY[sdk=iphoneos*]" = "iPhone Developer";
				COPY_PHASE_STRIP = NO;
				GCC_C_LANGUAGE_STANDARD = gnu99;
				GCC_DYNAMIC_NO_PIC = NO;
				GCC_OPTIMIZATION_LEVEL = 0;
				GCC_PREPROCESSOR_DEFINITIONS = (
					"DEBUG=1",
					"$(inherited)",
				);
				GCC_SYMBOLS_PRIVATE_EXTERN = NO;
				GCC_WARN_ABOUT_RETURN_TYPE = YES;
				GCC_WARN_UNINITIALIZED_AUTOS = YES;
				GCC_WARN_UNUSED_VARIABLE = YES;
				IPHONEOS_DEPLOYMENT_TARGET = 6.0;
				ONLY_ACTIVE_ARCH = YES;
				SDKROOT = iphoneos;
			};
			name = Debug;
		};
		F921BBBC167F1ECD001B33BF /* Release */ = {
			isa = XCBuildConfiguration;
			buildSettings = {
				ALWAYS_SEARCH_USER_PATHS = NO;
				CLANG_CXX_LANGUAGE_STANDARD = "gnu++0x";
				CLANG_CXX_LIBRARY = "libc++";
				CLANG_ENABLE_OBJC_ARC = YES;
				CLANG_WARN_EMPTY_BODY = YES;
				CLANG_WARN__DUPLICATE_METHOD_MATCH = YES;
				"CODE_SIGN_IDENTITY[sdk=iphoneos*]" = "iPhone Developer";
				COPY_PHASE_STRIP = YES;
				GCC_C_LANGUAGE_STANDARD = gnu99;
				GCC_WARN_ABOUT_RETURN_TYPE = YES;
				GCC_WARN_UNINITIALIZED_AUTOS = YES;
				GCC_WARN_UNUSED_VARIABLE = YES;
				IPHONEOS_DEPLOYMENT_TARGET = 6.0;
				OTHER_CFLAGS = "-DNS_BLOCK_ASSERTIONS=1";
				"PROVISIONING_PROFILE[sdk=iphoneos*]" = "";
				SDKROOT = iphoneos;
				VALIDATE_PRODUCT = YES;
			};
			name = Release;
		};
		F921BBBE167F1ECD001B33BF /* Debug */ = {
			isa = XCBuildConfiguration;
			baseConfigurationReference = 49F9B24179864A2897371D29 /* Pods.xcconfig */;
			buildSettings = {
				GCC_PRECOMPILE_PREFIX_HEADER = YES;
				GCC_PREFIX_HEADER = "TiltShift/TiltShift-Prefix.pch";
				INFOPLIST_FILE = "TiltShift/TiltShift-Info.plist";
				IPHONEOS_DEPLOYMENT_TARGET = 6.0;
				PRODUCT_NAME = TiltShift;
				TARGETED_DEVICE_FAMILY = "1,2";
				WRAPPER_EXTENSION = app;
			};
			name = Debug;
		};
		F921BBBF167F1ECD001B33BF /* Release */ = {
			isa = XCBuildConfiguration;
			baseConfigurationReference = 49F9B24179864A2897371D29 /* Pods.xcconfig */;
			buildSettings = {
				GCC_PRECOMPILE_PREFIX_HEADER = YES;
				GCC_PREFIX_HEADER = "TiltShift/TiltShift-Prefix.pch";
				INFOPLIST_FILE = "TiltShift/TiltShift-Info.plist";
				IPHONEOS_DEPLOYMENT_TARGET = 6.0;
				PRODUCT_NAME = TiltShift;
				TARGETED_DEVICE_FAMILY = "1,2";
				WRAPPER_EXTENSION = app;
			};
			name = Release;
		};
/* End XCBuildConfiguration section */

/* Begin XCConfigurationList section */
		F921BB93167F1ECD001B33BF /* Build configuration list for PBXProject "TiltShift" */ = {
			isa = XCConfigurationList;
			buildConfigurations = (
				F921BBBB167F1ECD001B33BF /* Debug */,
				F921BBBC167F1ECD001B33BF /* Release */,
			);
			defaultConfigurationIsVisible = 0;
			defaultConfigurationName = Release;
		};
		F921BBBD167F1ECD001B33BF /* Build configuration list for PBXNativeTarget "TiltShift" */ = {
			isa = XCConfigurationList;
			buildConfigurations = (
				F921BBBE167F1ECD001B33BF /* Debug */,
				F921BBBF167F1ECD001B33BF /* Release */,
			);
			defaultConfigurationIsVisible = 0;
			defaultConfigurationName = Release;
		};
/* End XCConfigurationList section */
	};
	rootObject = F921BB90167F1ECD001B33BF /* Project object */;
}
